// !$*UTF8*$!
{
	archiveVersion = 1;
	classes = {
	};
	objectVersion = 55;
	objects = {

/* Begin PBXBuildFile section */
		0683533E293C68CC00C3C23E /* AppDelegate.swift in Sources */ = {isa = PBXBuildFile; fileRef = 0683533D293C68CC00C3C23E /* AppDelegate.swift */; };
		06835340293C68CC00C3C23E /* SceneDelegate.swift in Sources */ = {isa = PBXBuildFile; fileRef = 0683533F293C68CC00C3C23E /* SceneDelegate.swift */; };
		06835342293C68CC00C3C23E /* ViewController.swift in Sources */ = {isa = PBXBuildFile; fileRef = 06835341293C68CC00C3C23E /* ViewController.swift */; };
		06835345293C68CC00C3C23E /* Main.storyboard in Resources */ = {isa = PBXBuildFile; fileRef = 06835343293C68CC00C3C23E /* Main.storyboard */; };
		06835347293C68CF00C3C23E /* Assets.xcassets in Resources */ = {isa = PBXBuildFile; fileRef = 06835346293C68CF00C3C23E /* Assets.xcassets */; };
		0683534A293C68CF00C3C23E /* LaunchScreen.storyboard in Resources */ = {isa = PBXBuildFile; fileRef = 06835348293C68CF00C3C23E /* LaunchScreen.storyboard */; };
		06835355293C68CF00C3C23E /* NYC_SchoolsTests.swift in Sources */ = {isa = PBXBuildFile; fileRef = 06835354293C68CF00C3C23E /* NYC_SchoolsTests.swift */; };
		0683535F293C68CF00C3C23E /* NYC_SchoolsUITests.swift in Sources */ = {isa = PBXBuildFile; fileRef = 0683535E293C68CF00C3C23E /* NYC_SchoolsUITests.swift */; };
		06835361293C68CF00C3C23E /* NYC_SchoolsUITestsLaunchTests.swift in Sources */ = {isa = PBXBuildFile; fileRef = 06835360293C68CF00C3C23E /* NYC_SchoolsUITestsLaunchTests.swift */; };
		0683536E293C724200C3C23E /* Effect.swift in Sources */ = {isa = PBXBuildFile; fileRef = 0683536D293C724200C3C23E /* Effect.swift */; };
		06835371293D0DB700C3C23E /* Store.swift in Sources */ = {isa = PBXBuildFile; fileRef = 06835370293D0DB700C3C23E /* Store.swift */; };
		06835374293D178200C3C23E /* SchoolListReducer.swift in Sources */ = {isa = PBXBuildFile; fileRef = 06835373293D178200C3C23E /* SchoolListReducer.swift */; };
		06835377293D1FBE00C3C23E /* ModelFetcher.swift in Sources */ = {isa = PBXBuildFile; fileRef = 06835376293D1FBE00C3C23E /* ModelFetcher.swift */; };
		0683537A293D1FDD00C3C23E /* SchoolListEnviroment.swift in Sources */ = {isa = PBXBuildFile; fileRef = 06835379293D1FDD00C3C23E /* SchoolListEnviroment.swift */; };
		0683537D293D232100C3C23E /* AppErrors.swift in Sources */ = {isa = PBXBuildFile; fileRef = 0683537C293D232100C3C23E /* AppErrors.swift */; };
		06835380293D2DEF00C3C23E /* SchoolModel.swift in Sources */ = {isa = PBXBuildFile; fileRef = 0683537F293D2DEF00C3C23E /* SchoolModel.swift */; };
		06835383293DCDF200C3C23E /* SchoolDetailViewController.swift in Sources */ = {isa = PBXBuildFile; fileRef = 06835382293DCDF200C3C23E /* SchoolDetailViewController.swift */; };
		06835384293DCDF200C3C23E /* SchoolDetailViewController.swift in Sources */ = {isa = PBXBuildFile; fileRef = 06835382293DCDF200C3C23E /* SchoolDetailViewController.swift */; };
		06835386293DD12800C3C23E /* SATModel.swift in Sources */ = {isa = PBXBuildFile; fileRef = 06835385293DD12800C3C23E /* SATModel.swift */; };
		06835387293DD12800C3C23E /* SATModel.swift in Sources */ = {isa = PBXBuildFile; fileRef = 06835385293DD12800C3C23E /* SATModel.swift */; };
		0683538C293E72CC00C3C23E /* UIViewExtensions.swift in Sources */ = {isa = PBXBuildFile; fileRef = 0683538B293E72CC00C3C23E /* UIViewExtensions.swift */; };
		0683538D293E72CC00C3C23E /* UIViewExtensions.swift in Sources */ = {isa = PBXBuildFile; fileRef = 0683538B293E72CC00C3C23E /* UIViewExtensions.swift */; };
		06835390293E8B8F00C3C23E /* Store.swift in Sources */ = {isa = PBXBuildFile; fileRef = 06835370293D0DB700C3C23E /* Store.swift */; };
		06835391293E8BA500C3C23E /* AppErrors.swift in Sources */ = {isa = PBXBuildFile; fileRef = 0683537C293D232100C3C23E /* AppErrors.swift */; };
		06835392293E8BDB00C3C23E /* Effect.swift in Sources */ = {isa = PBXBuildFile; fileRef = 0683536D293C724200C3C23E /* Effect.swift */; };
		06835393293E8CA500C3C23E /* SchoolListReducer.swift in Sources */ = {isa = PBXBuildFile; fileRef = 06835373293D178200C3C23E /* SchoolListReducer.swift */; };
		06835394293E8CBF00C3C23E /* SchoolModel.swift in Sources */ = {isa = PBXBuildFile; fileRef = 0683537F293D2DEF00C3C23E /* SchoolModel.swift */; };
		06835395293E8CC500C3C23E /* SchoolListEnviroment.swift in Sources */ = {isa = PBXBuildFile; fileRef = 06835379293D1FDD00C3C23E /* SchoolListEnviroment.swift */; };
		06835396293E8CE600C3C23E /* ModelFetcher.swift in Sources */ = {isa = PBXBuildFile; fileRef = 06835376293D1FBE00C3C23E /* ModelFetcher.swift */; };
		D2CE0BF3594DF2167F3F7E02 /* Pods_NYC_SchoolsTests.framework in Frameworks */ = {isa = PBXBuildFile; fileRef = ABDB233DAD197D0DCBBF48B4 /* Pods_NYC_SchoolsTests.framework */; };
		DF59EA5341527214695EA560 /* Pods_NYC_Schools.framework in Frameworks */ = {isa = PBXBuildFile; fileRef = 6F63DB33A4AA745766911215 /* Pods_NYC_Schools.framework */; };
/* End PBXBuildFile section */

/* Begin PBXContainerItemProxy section */
		06835351293C68CF00C3C23E /* PBXContainerItemProxy */ = {
			isa = PBXContainerItemProxy;
			containerPortal = 06835332293C68CC00C3C23E /* Project object */;
			proxyType = 1;
			remoteGlobalIDString = 06835339293C68CC00C3C23E;
			remoteInfo = "NYC Schools";
		};
		0683535B293C68CF00C3C23E /* PBXContainerItemProxy */ = {
			isa = PBXContainerItemProxy;
			containerPortal = 06835332293C68CC00C3C23E /* Project object */;
			proxyType = 1;
			remoteGlobalIDString = 06835339293C68CC00C3C23E;
			remoteInfo = "NYC Schools";
		};
/* End PBXContainerItemProxy section */

/* Begin PBXFileReference section */
		0683533A293C68CC00C3C23E /* NYC Schools.app */ = {isa = PBXFileReference; explicitFileType = wrapper.application; includeInIndex = 0; path = "NYC Schools.app"; sourceTree = BUILT_PRODUCTS_DIR; };
		0683533D293C68CC00C3C23E /* AppDelegate.swift */ = {isa = PBXFileReference; lastKnownFileType = sourcecode.swift; path = AppDelegate.swift; sourceTree = "<group>"; };
		0683533F293C68CC00C3C23E /* SceneDelegate.swift */ = {isa = PBXFileReference; lastKnownFileType = sourcecode.swift; path = SceneDelegate.swift; sourceTree = "<group>"; };
		06835341293C68CC00C3C23E /* ViewController.swift */ = {isa = PBXFileReference; lastKnownFileType = sourcecode.swift; path = ViewController.swift; sourceTree = "<group>"; };
		06835344293C68CC00C3C23E /* Base */ = {isa = PBXFileReference; lastKnownFileType = file.storyboard; name = Base; path = Base.lproj/Main.storyboard; sourceTree = "<group>"; };
		06835346293C68CF00C3C23E /* Assets.xcassets */ = {isa = PBXFileReference; lastKnownFileType = folder.assetcatalog; path = Assets.xcassets; sourceTree = "<group>"; };
		06835349293C68CF00C3C23E /* Base */ = {isa = PBXFileReference; lastKnownFileType = file.storyboard; name = Base; path = Base.lproj/LaunchScreen.storyboard; sourceTree = "<group>"; };
		0683534B293C68CF00C3C23E /* Info.plist */ = {isa = PBXFileReference; lastKnownFileType = text.plist.xml; path = Info.plist; sourceTree = "<group>"; };
		06835350293C68CF00C3C23E /* NYC SchoolsTests.xctest */ = {isa = PBXFileReference; explicitFileType = wrapper.cfbundle; includeInIndex = 0; path = "NYC SchoolsTests.xctest"; sourceTree = BUILT_PRODUCTS_DIR; };
		06835354293C68CF00C3C23E /* NYC_SchoolsTests.swift */ = {isa = PBXFileReference; lastKnownFileType = sourcecode.swift; path = NYC_SchoolsTests.swift; sourceTree = "<group>"; };
		0683535A293C68CF00C3C23E /* NYC SchoolsUITests.xctest */ = {isa = PBXFileReference; explicitFileType = wrapper.cfbundle; includeInIndex = 0; path = "NYC SchoolsUITests.xctest"; sourceTree = BUILT_PRODUCTS_DIR; };
		0683535E293C68CF00C3C23E /* NYC_SchoolsUITests.swift */ = {isa = PBXFileReference; lastKnownFileType = sourcecode.swift; path = NYC_SchoolsUITests.swift; sourceTree = "<group>"; };
		06835360293C68CF00C3C23E /* NYC_SchoolsUITestsLaunchTests.swift */ = {isa = PBXFileReference; lastKnownFileType = sourcecode.swift; path = NYC_SchoolsUITestsLaunchTests.swift; sourceTree = "<group>"; };
		0683536D293C724200C3C23E /* Effect.swift */ = {isa = PBXFileReference; lastKnownFileType = sourcecode.swift; path = Effect.swift; sourceTree = "<group>"; };
		06835370293D0DB700C3C23E /* Store.swift */ = {isa = PBXFileReference; lastKnownFileType = sourcecode.swift; path = Store.swift; sourceTree = "<group>"; };
		06835373293D178200C3C23E /* SchoolListReducer.swift */ = {isa = PBXFileReference; lastKnownFileType = sourcecode.swift; path = SchoolListReducer.swift; sourceTree = "<group>"; };
		06835376293D1FBE00C3C23E /* ModelFetcher.swift */ = {isa = PBXFileReference; lastKnownFileType = sourcecode.swift; path = ModelFetcher.swift; sourceTree = "<group>"; };
		06835379293D1FDD00C3C23E /* SchoolListEnviroment.swift */ = {isa = PBXFileReference; lastKnownFileType = sourcecode.swift; path = SchoolListEnviroment.swift; sourceTree = "<group>"; };
		0683537C293D232100C3C23E /* AppErrors.swift */ = {isa = PBXFileReference; lastKnownFileType = sourcecode.swift; path = AppErrors.swift; sourceTree = "<group>"; };
		0683537F293D2DEF00C3C23E /* SchoolModel.swift */ = {isa = PBXFileReference; lastKnownFileType = sourcecode.swift; path = SchoolModel.swift; sourceTree = "<group>"; };
		06835382293DCDF200C3C23E /* SchoolDetailViewController.swift */ = {isa = PBXFileReference; lastKnownFileType = sourcecode.swift; path = SchoolDetailViewController.swift; sourceTree = "<group>"; };
		06835385293DD12800C3C23E /* SATModel.swift */ = {isa = PBXFileReference; lastKnownFileType = sourcecode.swift; path = SATModel.swift; sourceTree = "<group>"; };
		0683538B293E72CC00C3C23E /* UIViewExtensions.swift */ = {isa = PBXFileReference; lastKnownFileType = sourcecode.swift; path = UIViewExtensions.swift; sourceTree = "<group>"; };
		628AD56C05C183889F604F3E /* Pods-NYC Schools.release.xcconfig */ = {isa = PBXFileReference; includeInIndex = 1; lastKnownFileType = text.xcconfig; name = "Pods-NYC Schools.release.xcconfig"; path = "Target Support Files/Pods-NYC Schools/Pods-NYC Schools.release.xcconfig"; sourceTree = "<group>"; };
		6F63DB33A4AA745766911215 /* Pods_NYC_Schools.framework */ = {isa = PBXFileReference; explicitFileType = wrapper.framework; includeInIndex = 0; path = Pods_NYC_Schools.framework; sourceTree = BUILT_PRODUCTS_DIR; };
		ABDB233DAD197D0DCBBF48B4 /* Pods_NYC_SchoolsTests.framework */ = {isa = PBXFileReference; explicitFileType = wrapper.framework; includeInIndex = 0; path = Pods_NYC_SchoolsTests.framework; sourceTree = BUILT_PRODUCTS_DIR; };
		AF6E142F5738B7431DEF01AF /* Pods-NYC SchoolsTests.release.xcconfig */ = {isa = PBXFileReference; includeInIndex = 1; lastKnownFileType = text.xcconfig; name = "Pods-NYC SchoolsTests.release.xcconfig"; path = "Target Support Files/Pods-NYC SchoolsTests/Pods-NYC SchoolsTests.release.xcconfig"; sourceTree = "<group>"; };
		C975DC3E669FEAD5387980E5 /* Pods-NYC Schools.debug.xcconfig */ = {isa = PBXFileReference; includeInIndex = 1; lastKnownFileType = text.xcconfig; name = "Pods-NYC Schools.debug.xcconfig"; path = "Target Support Files/Pods-NYC Schools/Pods-NYC Schools.debug.xcconfig"; sourceTree = "<group>"; };
		F6D8ADFF4142EB54EEF05683 /* Pods-NYC SchoolsTests.debug.xcconfig */ = {isa = PBXFileReference; includeInIndex = 1; lastKnownFileType = text.xcconfig; name = "Pods-NYC SchoolsTests.debug.xcconfig"; path = "Target Support Files/Pods-NYC SchoolsTests/Pods-NYC SchoolsTests.debug.xcconfig"; sourceTree = "<group>"; };
/* End PBXFileReference section */

/* Begin PBXFrameworksBuildPhase section */
		06835337293C68CC00C3C23E /* Frameworks */ = {
			isa = PBXFrameworksBuildPhase;
			buildActionMask = 2147483647;
			files = (
				DF59EA5341527214695EA560 /* Pods_NYC_Schools.framework in Frameworks */,
			);
			runOnlyForDeploymentPostprocessing = 0;
		};
		0683534D293C68CF00C3C23E /* Frameworks */ = {
			isa = PBXFrameworksBuildPhase;
			buildActionMask = 2147483647;
			files = (
				D2CE0BF3594DF2167F3F7E02 /* Pods_NYC_SchoolsTests.framework in Frameworks */,
			);
			runOnlyForDeploymentPostprocessing = 0;
		};
		06835357293C68CF00C3C23E /* Frameworks */ = {
			isa = PBXFrameworksBuildPhase;
			buildActionMask = 2147483647;
			files = (
			);
			runOnlyForDeploymentPostprocessing = 0;
		};
/* End PBXFrameworksBuildPhase section */

/* Begin PBXGroup section */
		06835331293C68CC00C3C23E = {
			isa = PBXGroup;
			children = (
				0683533C293C68CC00C3C23E /* NYC Schools */,
				06835353293C68CF00C3C23E /* NYC SchoolsTests */,
				0683535D293C68CF00C3C23E /* NYC SchoolsUITests */,
				0683533B293C68CC00C3C23E /* Products */,
				A966E78C451A67FDDAAD70A4 /* Pods */,
				9825FDF319071CC4F96A0B01 /* Frameworks */,
			);
			sourceTree = "<group>";
		};
		0683533B293C68CC00C3C23E /* Products */ = {
			isa = PBXGroup;
			children = (
				0683533A293C68CC00C3C23E /* NYC Schools.app */,
				06835350293C68CF00C3C23E /* NYC SchoolsTests.xctest */,
				0683535A293C68CF00C3C23E /* NYC SchoolsUITests.xctest */,
			);
			name = Products;
			sourceTree = "<group>";
		};
		0683533C293C68CC00C3C23E /* NYC Schools */ = {
			isa = PBXGroup;
			children = (
				0683538A293E5C7700C3C23E /* Shared */,
				06835389293E5C5700C3C23E /* SchoolDetail */,
				06835388293E5C2200C3C23E /* SchoolList */,
				0683533D293C68CC00C3C23E /* AppDelegate.swift */,
				0683533F293C68CC00C3C23E /* SceneDelegate.swift */,
				06835343293C68CC00C3C23E /* Main.storyboard */,
				06835346293C68CF00C3C23E /* Assets.xcassets */,
				06835348293C68CF00C3C23E /* LaunchScreen.storyboard */,
				0683534B293C68CF00C3C23E /* Info.plist */,
				0683538B293E72CC00C3C23E /* UIViewExtensions.swift */,
			);
			path = "NYC Schools";
			sourceTree = "<group>";
		};
		06835353293C68CF00C3C23E /* NYC SchoolsTests */ = {
			isa = PBXGroup;
			children = (
				06835354293C68CF00C3C23E /* NYC_SchoolsTests.swift */,
			);
			path = "NYC SchoolsTests";
			sourceTree = "<group>";
		};
		0683535D293C68CF00C3C23E /* NYC SchoolsUITests */ = {
			isa = PBXGroup;
			children = (
				0683535E293C68CF00C3C23E /* NYC_SchoolsUITests.swift */,
				06835360293C68CF00C3C23E /* NYC_SchoolsUITestsLaunchTests.swift */,
			);
			path = "NYC SchoolsUITests";
			sourceTree = "<group>";
		};
		06835388293E5C2200C3C23E /* SchoolList */ = {
			isa = PBXGroup;
			children = (
				0683537F293D2DEF00C3C23E /* SchoolModel.swift */,
				06835373293D178200C3C23E /* SchoolListReducer.swift */,
				06835379293D1FDD00C3C23E /* SchoolListEnviroment.swift */,
				06835341293C68CC00C3C23E /* ViewController.swift */,
			);
			path = SchoolList;
			sourceTree = "<group>";
		};
		06835389293E5C5700C3C23E /* SchoolDetail */ = {
			isa = PBXGroup;
			children = (
				06835385293DD12800C3C23E /* SATModel.swift */,
				06835382293DCDF200C3C23E /* SchoolDetailViewController.swift */,
			);
			path = SchoolDetail;
			sourceTree = "<group>";
		};
		0683538A293E5C7700C3C23E /* Shared */ = {
			isa = PBXGroup;
			children = (
				0683536D293C724200C3C23E /* Effect.swift */,
				06835370293D0DB700C3C23E /* Store.swift */,
				06835376293D1FBE00C3C23E /* ModelFetcher.swift */,
				0683537C293D232100C3C23E /* AppErrors.swift */,
			);
			path = Shared;
			sourceTree = "<group>";
		};
		9825FDF319071CC4F96A0B01 /* Frameworks */ = {
			isa = PBXGroup;
			children = (
				6F63DB33A4AA745766911215 /* Pods_NYC_Schools.framework */,
				ABDB233DAD197D0DCBBF48B4 /* Pods_NYC_SchoolsTests.framework */,
			);
			name = Frameworks;
			sourceTree = "<group>";
		};
		A966E78C451A67FDDAAD70A4 /* Pods */ = {
			isa = PBXGroup;
			children = (
				C975DC3E669FEAD5387980E5 /* Pods-NYC Schools.debug.xcconfig */,
				628AD56C05C183889F604F3E /* Pods-NYC Schools.release.xcconfig */,
				F6D8ADFF4142EB54EEF05683 /* Pods-NYC SchoolsTests.debug.xcconfig */,
				AF6E142F5738B7431DEF01AF /* Pods-NYC SchoolsTests.release.xcconfig */,
			);
			path = Pods;
			sourceTree = "<group>";
		};
/* End PBXGroup section */

/* Begin PBXNativeTarget section */
		06835339293C68CC00C3C23E /* NYC Schools */ = {
			isa = PBXNativeTarget;
			buildConfigurationList = 06835364293C68CF00C3C23E /* Build configuration list for PBXNativeTarget "NYC Schools" */;
			buildPhases = (
				9B2DD6DA68EE3C7151A575A5 /* [CP] Check Pods Manifest.lock */,
				06835336293C68CC00C3C23E /* Sources */,
				06835337293C68CC00C3C23E /* Frameworks */,
				06835338293C68CC00C3C23E /* Resources */,
				26C452623D8C49D29C04936A /* [CP] Embed Pods Frameworks */,
			);
			buildRules = (
			);
			dependencies = (
			);
			name = "NYC Schools";
			productName = "NYC Schools";
			productReference = 0683533A293C68CC00C3C23E /* NYC Schools.app */;
			productType = "com.apple.product-type.application";
		};
		0683534F293C68CF00C3C23E /* NYC SchoolsTests */ = {
			isa = PBXNativeTarget;
			buildConfigurationList = 06835367293C68CF00C3C23E /* Build configuration list for PBXNativeTarget "NYC SchoolsTests" */;
			buildPhases = (
				901E9417B51E1A23E768F596 /* [CP] Check Pods Manifest.lock */,
				0683534C293C68CF00C3C23E /* Sources */,
				0683534D293C68CF00C3C23E /* Frameworks */,
				0683534E293C68CF00C3C23E /* Resources */,
				F4FF0C80C24FDF31A4E41229 /* [CP] Embed Pods Frameworks */,
			);
			buildRules = (
			);
			dependencies = (
				06835352293C68CF00C3C23E /* PBXTargetDependency */,
			);
			name = "NYC SchoolsTests";
			productName = "NYC SchoolsTests";
			productReference = 06835350293C68CF00C3C23E /* NYC SchoolsTests.xctest */;
			productType = "com.apple.product-type.bundle.unit-test";
		};
		06835359293C68CF00C3C23E /* NYC SchoolsUITests */ = {
			isa = PBXNativeTarget;
			buildConfigurationList = 0683536A293C68CF00C3C23E /* Build configuration list for PBXNativeTarget "NYC SchoolsUITests" */;
			buildPhases = (
				06835356293C68CF00C3C23E /* Sources */,
				06835357293C68CF00C3C23E /* Frameworks */,
				06835358293C68CF00C3C23E /* Resources */,
			);
			buildRules = (
			);
			dependencies = (
				0683535C293C68CF00C3C23E /* PBXTargetDependency */,
			);
			name = "NYC SchoolsUITests";
			productName = "NYC SchoolsUITests";
			productReference = 0683535A293C68CF00C3C23E /* NYC SchoolsUITests.xctest */;
			productType = "com.apple.product-type.bundle.ui-testing";
		};
/* End PBXNativeTarget section */

/* Begin PBXProject section */
		06835332293C68CC00C3C23E /* Project object */ = {
			isa = PBXProject;
			attributes = {
				BuildIndependentTargetsInParallel = 1;
				LastSwiftUpdateCheck = 1340;
				LastUpgradeCheck = 1340;
				TargetAttributes = {
					06835339293C68CC00C3C23E = {
						CreatedOnToolsVersion = 13.4.1;
					};
					0683534F293C68CF00C3C23E = {
						CreatedOnToolsVersion = 13.4.1;
					};
					06835359293C68CF00C3C23E = {
						CreatedOnToolsVersion = 13.4.1;
						TestTargetID = 06835339293C68CC00C3C23E;
					};
				};
			};
			buildConfigurationList = 06835335293C68CC00C3C23E /* Build configuration list for PBXProject "NYC Schools" */;
			compatibilityVersion = "Xcode 13.0";
			developmentRegion = en;
			hasScannedForEncodings = 0;
			knownRegions = (
				en,
				Base,
			);
			mainGroup = 06835331293C68CC00C3C23E;
			productRefGroup = 0683533B293C68CC00C3C23E /* Products */;
			projectDirPath = "";
			projectRoot = "";
			targets = (
				06835339293C68CC00C3C23E /* NYC Schools */,
				0683534F293C68CF00C3C23E /* NYC SchoolsTests */,
				06835359293C68CF00C3C23E /* NYC SchoolsUITests */,
			);
		};
/* End PBXProject section */

/* Begin PBXResourcesBuildPhase section */
		06835338293C68CC00C3C23E /* Resources */ = {
			isa = PBXResourcesBuildPhase;
			buildActionMask = 2147483647;
			files = (
				0683534A293C68CF00C3C23E /* LaunchScreen.storyboard in Resources */,
				06835347293C68CF00C3C23E /* Assets.xcassets in Resources */,
				06835345293C68CC00C3C23E /* Main.storyboard in Resources */,
			);
			runOnlyForDeploymentPostprocessing = 0;
		};
		0683534E293C68CF00C3C23E /* Resources */ = {
			isa = PBXResourcesBuildPhase;
			buildActionMask = 2147483647;
			files = (
			);
			runOnlyForDeploymentPostprocessing = 0;
		};
		06835358293C68CF00C3C23E /* Resources */ = {
			isa = PBXResourcesBuildPhase;
			buildActionMask = 2147483647;
			files = (
			);
			runOnlyForDeploymentPostprocessing = 0;
		};
/* End PBXResourcesBuildPhase section */

/* Begin PBXShellScriptBuildPhase section */
		26C452623D8C49D29C04936A /* [CP] Embed Pods Frameworks */ = {
			isa = PBXShellScriptBuildPhase;
			buildActionMask = 2147483647;
			files = (
			);
			inputFileListPaths = (
				"${PODS_ROOT}/Target Support Files/Pods-NYC Schools/Pods-NYC Schools-frameworks-${CONFIGURATION}-input-files.xcfilelist",
			);
			name = "[CP] Embed Pods Frameworks";
			outputFileListPaths = (
				"${PODS_ROOT}/Target Support Files/Pods-NYC Schools/Pods-NYC Schools-frameworks-${CONFIGURATION}-output-files.xcfilelist",
			);
			runOnlyForDeploymentPostprocessing = 0;
			shellPath = /bin/sh;
			shellScript = "\"${PODS_ROOT}/Target Support Files/Pods-NYC Schools/Pods-NYC Schools-frameworks.sh\"\n";
			showEnvVarsInLog = 0;
		};
		901E9417B51E1A23E768F596 /* [CP] Check Pods Manifest.lock */ = {
			isa = PBXShellScriptBuildPhase;
			buildActionMask = 2147483647;
			files = (
			);
			inputFileListPaths = (
			);
			inputPaths = (
				"${PODS_PODFILE_DIR_PATH}/Podfile.lock",
				"${PODS_ROOT}/Manifest.lock",
			);
			name = "[CP] Check Pods Manifest.lock";
			outputFileListPaths = (
			);
			outputPaths = (
				"$(DERIVED_FILE_DIR)/Pods-NYC SchoolsTests-checkManifestLockResult.txt",
			);
			runOnlyForDeploymentPostprocessing = 0;
			shellPath = /bin/sh;
			shellScript = "diff \"${PODS_PODFILE_DIR_PATH}/Podfile.lock\" \"${PODS_ROOT}/Manifest.lock\" > /dev/null\nif [ $? != 0 ] ; then\n    # print error to STDERR\n    echo \"error: The sandbox is not in sync with the Podfile.lock. Run 'pod install' or update your CocoaPods installation.\" >&2\n    exit 1\nfi\n# This output is used by Xcode 'outputs' to avoid re-running this script phase.\necho \"SUCCESS\" > \"${SCRIPT_OUTPUT_FILE_0}\"\n";
			showEnvVarsInLog = 0;
		};
		9B2DD6DA68EE3C7151A575A5 /* [CP] Check Pods Manifest.lock */ = {
			isa = PBXShellScriptBuildPhase;
			buildActionMask = 2147483647;
			files = (
			);
			inputFileListPaths = (
			);
			inputPaths = (
				"${PODS_PODFILE_DIR_PATH}/Podfile.lock",
				"${PODS_ROOT}/Manifest.lock",
			);
			name = "[CP] Check Pods Manifest.lock";
			outputFileListPaths = (
			);
			outputPaths = (
				"$(DERIVED_FILE_DIR)/Pods-NYC Schools-checkManifestLockResult.txt",
			);
			runOnlyForDeploymentPostprocessing = 0;
			shellPath = /bin/sh;
			shellScript = "diff \"${PODS_PODFILE_DIR_PATH}/Podfile.lock\" \"${PODS_ROOT}/Manifest.lock\" > /dev/null\nif [ $? != 0 ] ; then\n    # print error to STDERR\n    echo \"error: The sandbox is not in sync with the Podfile.lock. Run 'pod install' or update your CocoaPods installation.\" >&2\n    exit 1\nfi\n# This output is used by Xcode 'outputs' to avoid re-running this script phase.\necho \"SUCCESS\" > \"${SCRIPT_OUTPUT_FILE_0}\"\n";
			showEnvVarsInLog = 0;
		};
		F4FF0C80C24FDF31A4E41229 /* [CP] Embed Pods Frameworks */ = {
			isa = PBXShellScriptBuildPhase;
			buildActionMask = 2147483647;
			files = (
			);
			inputFileListPaths = (
				"${PODS_ROOT}/Target Support Files/Pods-NYC SchoolsTests/Pods-NYC SchoolsTests-frameworks-${CONFIGURATION}-input-files.xcfilelist",
			);
			name = "[CP] Embed Pods Frameworks";
			outputFileListPaths = (
				"${PODS_ROOT}/Target Support Files/Pods-NYC SchoolsTests/Pods-NYC SchoolsTests-frameworks-${CONFIGURATION}-output-files.xcfilelist",
			);
			runOnlyForDeploymentPostprocessing = 0;
			shellPath = /bin/sh;
			shellScript = "\"${PODS_ROOT}/Target Support Files/Pods-NYC SchoolsTests/Pods-NYC SchoolsTests-frameworks.sh\"\n";
			showEnvVarsInLog = 0;
		};
/* End PBXShellScriptBuildPhase section */

/* Begin PBXSourcesBuildPhase section */
		06835336293C68CC00C3C23E /* Sources */ = {
			isa = PBXSourcesBuildPhase;
			buildActionMask = 2147483647;
			files = (
				0683537A293D1FDD00C3C23E /* SchoolListEnviroment.swift in Sources */,
				06835374293D178200C3C23E /* SchoolListReducer.swift in Sources */,
				06835386293DD12800C3C23E /* SATModel.swift in Sources */,
				0683538C293E72CC00C3C23E /* UIViewExtensions.swift in Sources */,
				06835383293DCDF200C3C23E /* SchoolDetailViewController.swift in Sources */,
				06835371293D0DB700C3C23E /* Store.swift in Sources */,
				06835380293D2DEF00C3C23E /* SchoolModel.swift in Sources */,
				0683537D293D232100C3C23E /* AppErrors.swift in Sources */,
				0683536E293C724200C3C23E /* Effect.swift in Sources */,
				06835377293D1FBE00C3C23E /* ModelFetcher.swift in Sources */,
				06835342293C68CC00C3C23E /* ViewController.swift in Sources */,
				0683533E293C68CC00C3C23E /* AppDelegate.swift in Sources */,
				06835340293C68CC00C3C23E /* SceneDelegate.swift in Sources */,
			);
			runOnlyForDeploymentPostprocessing = 0;
		};
		0683534C293C68CF00C3C23E /* Sources */ = {
			isa = PBXSourcesBuildPhase;
			buildActionMask = 2147483647;
			files = (
				06835393293E8CA500C3C23E /* SchoolListReducer.swift in Sources */,
				06835394293E8CBF00C3C23E /* SchoolModel.swift in Sources */,
				06835396293E8CE600C3C23E /* ModelFetcher.swift in Sources */,
				0683538D293E72CC00C3C23E /* UIViewExtensions.swift in Sources */,
				06835392293E8BDB00C3C23E /* Effect.swift in Sources */,
				06835384293DCDF200C3C23E /* SchoolDetailViewController.swift in Sources */,
				06835390293E8B8F00C3C23E /* Store.swift in Sources */,
				06835387293DD12800C3C23E /* SATModel.swift in Sources */,
				06835391293E8BA500C3C23E /* AppErrors.swift in Sources */,
				06835395293E8CC500C3C23E /* SchoolListEnviroment.swift in Sources */,
				06835355293C68CF00C3C23E /* NYC_SchoolsTests.swift in Sources */,
			);
			runOnlyForDeploymentPostprocessing = 0;
		};
		06835356293C68CF00C3C23E /* Sources */ = {
			isa = PBXSourcesBuildPhase;
			buildActionMask = 2147483647;
			files = (
				0683535F293C68CF00C3C23E /* NYC_SchoolsUITests.swift in Sources */,
				06835361293C68CF00C3C23E /* NYC_SchoolsUITestsLaunchTests.swift in Sources */,
			);
			runOnlyForDeploymentPostprocessing = 0;
		};
/* End PBXSourcesBuildPhase section */

/* Begin PBXTargetDependency section */
		06835352293C68CF00C3C23E /* PBXTargetDependency */ = {
			isa = PBXTargetDependency;
			target = 06835339293C68CC00C3C23E /* NYC Schools */;
			targetProxy = 06835351293C68CF00C3C23E /* PBXContainerItemProxy */;
		};
		0683535C293C68CF00C3C23E /* PBXTargetDependency */ = {
			isa = PBXTargetDependency;
			target = 06835339293C68CC00C3C23E /* NYC Schools */;
			targetProxy = 0683535B293C68CF00C3C23E /* PBXContainerItemProxy */;
		};
/* End PBXTargetDependency section */

/* Begin PBXVariantGroup section */
		06835343293C68CC00C3C23E /* Main.storyboard */ = {
			isa = PBXVariantGroup;
			children = (
				06835344293C68CC00C3C23E /* Base */,
			);
			name = Main.storyboard;
			sourceTree = "<group>";
		};
		06835348293C68CF00C3C23E /* LaunchScreen.storyboard */ = {
			isa = PBXVariantGroup;
			children = (
				06835349293C68CF00C3C23E /* Base */,
			);
			name = LaunchScreen.storyboard;
			sourceTree = "<group>";
		};
/* End PBXVariantGroup section */

/* Begin XCBuildConfiguration section */
		06835362293C68CF00C3C23E /* Debug */ = {
			isa = XCBuildConfiguration;
			buildSettings = {
				ALWAYS_SEARCH_USER_PATHS = NO;
				CLANG_ANALYZER_NONNULL = YES;
				CLANG_ANALYZER_NUMBER_OBJECT_CONVERSION = YES_AGGRESSIVE;
				CLANG_CXX_LANGUAGE_STANDARD = "gnu++17";
				CLANG_ENABLE_MODULES = YES;
				CLANG_ENABLE_OBJC_ARC = YES;
				CLANG_ENABLE_OBJC_WEAK = YES;
				CLANG_WARN_BLOCK_CAPTURE_AUTORELEASING = YES;
				CLANG_WARN_BOOL_CONVERSION = YES;
				CLANG_WARN_COMMA = YES;
				CLANG_WARN_CONSTANT_CONVERSION = YES;
				CLANG_WARN_DEPRECATED_OBJC_IMPLEMENTATIONS = YES;
				CLANG_WARN_DIRECT_OBJC_ISA_USAGE = YES_ERROR;
				CLANG_WARN_DOCUMENTATION_COMMENTS = YES;
				CLANG_WARN_EMPTY_BODY = YES;
				CLANG_WARN_ENUM_CONVERSION = YES;
				CLANG_WARN_INFINITE_RECURSION = YES;
				CLANG_WARN_INT_CONVERSION = YES;
				CLANG_WARN_NON_LITERAL_NULL_CONVERSION = YES;
				CLANG_WARN_OBJC_IMPLICIT_RETAIN_SELF = YES;
				CLANG_WARN_OBJC_LITERAL_CONVERSION = YES;
				CLANG_WARN_OBJC_ROOT_CLASS = YES_ERROR;
				CLANG_WARN_QUOTED_INCLUDE_IN_FRAMEWORK_HEADER = YES;
				CLANG_WARN_RANGE_LOOP_ANALYSIS = YES;
				CLANG_WARN_STRICT_PROTOTYPES = YES;
				CLANG_WARN_SUSPICIOUS_MOVE = YES;
				CLANG_WARN_UNGUARDED_AVAILABILITY = YES_AGGRESSIVE;
				CLANG_WARN_UNREACHABLE_CODE = YES;
				CLANG_WARN__DUPLICATE_METHOD_MATCH = YES;
				COPY_PHASE_STRIP = NO;
				DEBUG_INFORMATION_FORMAT = dwarf;
				ENABLE_STRICT_OBJC_MSGSEND = YES;
				ENABLE_TESTABILITY = YES;
				GCC_C_LANGUAGE_STANDARD = gnu11;
				GCC_DYNAMIC_NO_PIC = NO;
				GCC_NO_COMMON_BLOCKS = YES;
				GCC_OPTIMIZATION_LEVEL = 0;
				GCC_PREPROCESSOR_DEFINITIONS = (
					"DEBUG=1",
					"$(inherited)",
				);
				GCC_WARN_64_TO_32_BIT_CONVERSION = YES;
				GCC_WARN_ABOUT_RETURN_TYPE = YES_ERROR;
				GCC_WARN_UNDECLARED_SELECTOR = YES;
				GCC_WARN_UNINITIALIZED_AUTOS = YES_AGGRESSIVE;
				GCC_WARN_UNUSED_FUNCTION = YES;
				GCC_WARN_UNUSED_VARIABLE = YES;
				IPHONEOS_DEPLOYMENT_TARGET = 15.5;
				MTL_ENABLE_DEBUG_INFO = INCLUDE_SOURCE;
				MTL_FAST_MATH = YES;
				ONLY_ACTIVE_ARCH = YES;
				SDKROOT = iphoneos;
				SWIFT_ACTIVE_COMPILATION_CONDITIONS = DEBUG;
				SWIFT_OPTIMIZATION_LEVEL = "-Onone";
			};
			name = Debug;
		};
		06835363293C68CF00C3C23E /* Release */ = {
			isa = XCBuildConfiguration;
			buildSettings = {
				ALWAYS_SEARCH_USER_PATHS = NO;
				CLANG_ANALYZER_NONNULL = YES;
				CLANG_ANALYZER_NUMBER_OBJECT_CONVERSION = YES_AGGRESSIVE;
				CLANG_CXX_LANGUAGE_STANDARD = "gnu++17";
				CLANG_ENABLE_MODULES = YES;
				CLANG_ENABLE_OBJC_ARC = YES;
				CLANG_ENABLE_OBJC_WEAK = YES;
				CLANG_WARN_BLOCK_CAPTURE_AUTORELEASING = YES;
				CLANG_WARN_BOOL_CONVERSION = YES;
				CLANG_WARN_COMMA = YES;
				CLANG_WARN_CONSTANT_CONVERSION = YES;
				CLANG_WARN_DEPRECATED_OBJC_IMPLEMENTATIONS = YES;
				CLANG_WARN_DIRECT_OBJC_ISA_USAGE = YES_ERROR;
				CLANG_WARN_DOCUMENTATION_COMMENTS = YES;
				CLANG_WARN_EMPTY_BODY = YES;
				CLANG_WARN_ENUM_CONVERSION = YES;
				CLANG_WARN_INFINITE_RECURSION = YES;
				CLANG_WARN_INT_CONVERSION = YES;
				CLANG_WARN_NON_LITERAL_NULL_CONVERSION = YES;
				CLANG_WARN_OBJC_IMPLICIT_RETAIN_SELF = YES;
				CLANG_WARN_OBJC_LITERAL_CONVERSION = YES;
				CLANG_WARN_OBJC_ROOT_CLASS = YES_ERROR;
				CLANG_WARN_QUOTED_INCLUDE_IN_FRAMEWORK_HEADER = YES;
				CLANG_WARN_RANGE_LOOP_ANALYSIS = YES;
				CLANG_WARN_STRICT_PROTOTYPES = YES;
				CLANG_WARN_SUSPICIOUS_MOVE = YES;
				CLANG_WARN_UNGUARDED_AVAILABILITY = YES_AGGRESSIVE;
				CLANG_WARN_UNREACHABLE_CODE = YES;
				CLANG_WARN__DUPLICATE_METHOD_MATCH = YES;
				COPY_PHASE_STRIP = NO;
				DEBUG_INFORMATION_FORMAT = "dwarf-with-dsym";
				ENABLE_NS_ASSERTIONS = NO;
				ENABLE_STRICT_OBJC_MSGSEND = YES;
				GCC_C_LANGUAGE_STANDARD = gnu11;
				GCC_NO_COMMON_BLOCKS = YES;
				GCC_WARN_64_TO_32_BIT_CONVERSION = YES;
				GCC_WARN_ABOUT_RETURN_TYPE = YES_ERROR;
				GCC_WARN_UNDECLARED_SELECTOR = YES;
				GCC_WARN_UNINITIALIZED_AUTOS = YES_AGGRESSIVE;
				GCC_WARN_UNUSED_FUNCTION = YES;
				GCC_WARN_UNUSED_VARIABLE = YES;
				IPHONEOS_DEPLOYMENT_TARGET = 15.5;
				MTL_ENABLE_DEBUG_INFO = NO;
				MTL_FAST_MATH = YES;
				SDKROOT = iphoneos;
				SWIFT_COMPILATION_MODE = wholemodule;
				SWIFT_OPTIMIZATION_LEVEL = "-O";
				VALIDATE_PRODUCT = YES;
			};
			name = Release;
		};
		06835365293C68CF00C3C23E /* Debug */ = {
			isa = XCBuildConfiguration;
			baseConfigurationReference = C975DC3E669FEAD5387980E5 /* Pods-NYC Schools.debug.xcconfig */;
			buildSettings = {
				ASSETCATALOG_COMPILER_APPICON_NAME = AppIcon;
				ASSETCATALOG_COMPILER_GLOBAL_ACCENT_COLOR_NAME = AccentColor;
				CODE_SIGN_STYLE = Automatic;
				CURRENT_PROJECT_VERSION = 1;
				GENERATE_INFOPLIST_FILE = YES;
				INFOPLIST_FILE = "NYC Schools/Info.plist";
				INFOPLIST_KEY_UIApplicationSupportsIndirectInputEvents = YES;
				INFOPLIST_KEY_UILaunchStoryboardName = LaunchScreen;
				INFOPLIST_KEY_UIMainStoryboardFile = Main;
				INFOPLIST_KEY_UISupportedInterfaceOrientations_iPad = "UIInterfaceOrientationPortrait UIInterfaceOrientationPortraitUpsideDown UIInterfaceOrientationLandscapeLeft UIInterfaceOrientationLandscapeRight";
				INFOPLIST_KEY_UISupportedInterfaceOrientations_iPhone = "UIInterfaceOrientationPortrait UIInterfaceOrientationLandscapeLeft UIInterfaceOrientationLandscapeRight";
				LD_RUNPATH_SEARCH_PATHS = (
					"$(inherited)",
					"@executable_path/Frameworks",
				);
				MARKETING_VERSION = 1.0;
				PRODUCT_BUNDLE_IDENTIFIER = "com.test.NYC-Schools";
				PRODUCT_NAME = "$(TARGET_NAME)";
				SWIFT_EMIT_LOC_STRINGS = YES;
				SWIFT_VERSION = 5.0;
				TARGETED_DEVICE_FAMILY = "1,2";
			};
			name = Debug;
		};
		06835366293C68CF00C3C23E /* Release */ = {
			isa = XCBuildConfiguration;
			baseConfigurationReference = 628AD56C05C183889F604F3E /* Pods-NYC Schools.release.xcconfig */;
			buildSettings = {
				ASSETCATALOG_COMPILER_APPICON_NAME = AppIcon;
				ASSETCATALOG_COMPILER_GLOBAL_ACCENT_COLOR_NAME = AccentColor;
				CODE_SIGN_STYLE = Automatic;
				CURRENT_PROJECT_VERSION = 1;
				GENERATE_INFOPLIST_FILE = YES;
				INFOPLIST_FILE = "NYC Schools/Info.plist";
				INFOPLIST_KEY_UIApplicationSupportsIndirectInputEvents = YES;
				INFOPLIST_KEY_UILaunchStoryboardName = LaunchScreen;
				INFOPLIST_KEY_UIMainStoryboardFile = Main;
				INFOPLIST_KEY_UISupportedInterfaceOrientations_iPad = "UIInterfaceOrientationPortrait UIInterfaceOrientationPortraitUpsideDown UIInterfaceOrientationLandscapeLeft UIInterfaceOrientationLandscapeRight";
				INFOPLIST_KEY_UISupportedInterfaceOrientations_iPhone = "UIInterfaceOrientationPortrait UIInterfaceOrientationLandscapeLeft UIInterfaceOrientationLandscapeRight";
				LD_RUNPATH_SEARCH_PATHS = (
					"$(inherited)",
					"@executable_path/Frameworks",
				);
				MARKETING_VERSION = 1.0;
				PRODUCT_BUNDLE_IDENTIFIER = "com.test.NYC-Schools";
				PRODUCT_NAME = "$(TARGET_NAME)";
				SWIFT_EMIT_LOC_STRINGS = YES;
				SWIFT_VERSION = 5.0;
				TARGETED_DEVICE_FAMILY = "1,2";
			};
			name = Release;
		};
		06835368293C68CF00C3C23E /* Debug */ = {
			isa = XCBuildConfiguration;
			baseConfigurationReference = F6D8ADFF4142EB54EEF05683 /* Pods-NYC SchoolsTests.debug.xcconfig */;
			buildSettings = {
				ALWAYS_EMBED_SWIFT_STANDARD_LIBRARIES = YES;
				CODE_SIGN_STYLE = Automatic;
				CURRENT_PROJECT_VERSION = 1;
				GENERATE_INFOPLIST_FILE = YES;
				IPHONEOS_DEPLOYMENT_TARGET = 15.5;
				MARKETING_VERSION = 1.0;
				PRODUCT_BUNDLE_IDENTIFIER = "com.test.NYC-SchoolsTests";
				PRODUCT_NAME = "$(TARGET_NAME)";
				SWIFT_EMIT_LOC_STRINGS = NO;
				SWIFT_VERSION = 5.0;
				TARGETED_DEVICE_FAMILY = "1,2";
			};
			name = Debug;
		};
		06835369293C68CF00C3C23E /* Release */ = {
			isa = XCBuildConfiguration;
			baseConfigurationReference = AF6E142F5738B7431DEF01AF /* Pods-NYC SchoolsTests.release.xcconfig */;
			buildSettings = {
				ALWAYS_EMBED_SWIFT_STANDARD_LIBRARIES = YES;
				CODE_SIGN_STYLE = Automatic;
				CURRENT_PROJECT_VERSION = 1;
				GENERATE_INFOPLIST_FILE = YES;
				IPHONEOS_DEPLOYMENT_TARGET = 15.5;
				MARKETING_VERSION = 1.0;
				PRODUCT_BUNDLE_IDENTIFIER = "com.test.NYC-SchoolsTests";
				PRODUCT_NAME = "$(TARGET_NAME)";
				SWIFT_EMIT_LOC_STRINGS = NO;
				SWIFT_VERSION = 5.0;
				TARGETED_DEVICE_FAMILY = "1,2";
			};
			name = Release;
		};
		0683536B293C68CF00C3C23E /* Debug */ = {
			isa = XCBuildConfiguration;
			buildSettings = {
				ALWAYS_EMBED_SWIFT_STANDARD_LIBRARIES = YES;
				CODE_SIGN_STYLE = Automatic;
				CURRENT_PROJECT_VERSION = 1;
				GENERATE_INFOPLIST_FILE = YES;
				MARKETING_VERSION = 1.0;
				PRODUCT_BUNDLE_IDENTIFIER = "com.test.NYC-SchoolsUITests";
				PRODUCT_NAME = "$(TARGET_NAME)";
				SWIFT_EMIT_LOC_STRINGS = NO;
				SWIFT_VERSION = 5.0;
				TARGETED_DEVICE_FAMILY = "1,2";
				TEST_TARGET_NAME = "NYC Schools";
			};
			name = Debug;
		};
		0683536C293C68CF00C3C23E /* Release */ = {
			isa = XCBuildConfiguration;
			buildSettings = {
				ALWAYS_EMBED_SWIFT_STANDARD_LIBRARIES = YES;
				CODE_SIGN_STYLE = Automatic;
				CURRENT_PROJECT_VERSION = 1;
				GENERATE_INFOPLIST_FILE = YES;
				MARKETING_VERSION = 1.0;
				PRODUCT_BUNDLE_IDENTIFIER = "com.test.NYC-SchoolsUITests";
				PRODUCT_NAME = "$(TARGET_NAME)";
				SWIFT_EMIT_LOC_STRINGS = NO;
				SWIFT_VERSION = 5.0;
				TARGETED_DEVICE_FAMILY = "1,2";
				TEST_TARGET_NAME = "NYC Schools";
			};
			name = Release;
		};
/* End XCBuildConfiguration section */

/* Begin XCConfigurationList section */
		06835335293C68CC00C3C23E /* Build configuration list for PBXProject "NYC Schools" */ = {
			isa = XCConfigurationList;
			buildConfigurations = (
				06835362293C68CF00C3C23E /* Debug */,
				06835363293C68CF00C3C23E /* Release */,
			);
			defaultConfigurationIsVisible = 0;
			defaultConfigurationName = Release;
		};
		06835364293C68CF00C3C23E /* Build configuration list for PBXNativeTarget "NYC Schools" */ = {
			isa = XCConfigurationList;
			buildConfigurations = (
				06835365293C68CF00C3C23E /* Debug */,
				06835366293C68CF00C3C23E /* Release */,
			);
			defaultConfigurationIsVisible = 0;
			defaultConfigurationName = Release;
		};
		06835367293C68CF00C3C23E /* Build configuration list for PBXNativeTarget "NYC SchoolsTests" */ = {
			isa = XCConfigurationList;
			buildConfigurations = (
				06835368293C68CF00C3C23E /* Debug */,
				06835369293C68CF00C3C23E /* Release */,
			);
			defaultConfigurationIsVisible = 0;
			defaultConfigurationName = Release;
		};
		0683536A293C68CF00C3C23E /* Build configuration list for PBXNativeTarget "NYC SchoolsUITests" */ = {
			isa = XCConfigurationList;
			buildConfigurations = (
				0683536B293C68CF00C3C23E /* Debug */,
				0683536C293C68CF00C3C23E /* Release */,
			);
			defaultConfigurationIsVisible = 0;
			defaultConfigurationName = Release;
		};
/* End XCConfigurationList section */
	};
	rootObject = 06835332293C68CC00C3C23E /* Project object */;
}
